Microsoft Visual Studio Solution File, Format Version 11.00
# Visual Studio 2015
Project("{7FCDCE65-B31C-46A8-FBBD-141D6B3F3CDA}") = "Structure", "Structure.vcxproj", "{242CF787-070C-F637-AD3D-568351F3DB07}"
EndProject
Global
	GlobalSection(SolutionConfigurationPlatforms) = preSolution
		Debug|Win32 = Debug|Win32
		Release|Win32 = Release|Win32
	EndGlobalSection
	GlobalSection(ProjectConfigurationPlatforms) = postSolution
		{242CF787-070C-F637-AD3D-568351F3DB07}.Debug|Win32.ActiveCfg = Debug|Win32
		{242CF787-070C-F637-AD3D-568351F3DB07}.Debug|Win32.Build.0 = Debug|Win32
		{242CF787-070C-F637-AD3D-568351F3DB07}.Release|Win32.ActiveCfg = Release|Win32
		{242CF787-070C-F637-AD3D-568351F3DB07}.Release|Win32.Build.0 = Release|Win32
	EndGlobalSection
	GlobalSection(SolutionProperties) = preSolution
		HideSolutionNode = FALSE
	EndGlobalSection
EndGlobal
